
Microsoft Visual Studio Solution File, Format Version 12.00
# Visual Studio 15
VisualStudioVersion = 15.0.33026.149
MinimumVisualStudioVersion = 10.0.40219.1
Project("{FAE04EC0-301F-11D3-BF4B-00C04F79EFBC}") = "Homework1", "Homework1\Homework1.csproj", "{C292AA7E-7DB7-4BD5-BF71-7FC18CF6A165}"
EndProject
Global
	GlobalSection(SolutionConfigurationPlatforms) = preSolution
		Debug|Any CPU = Debug|Any CPU
		Release|Any CPU = Release|Any CPU
	EndGlobalSection
	GlobalSection(ProjectConfigurationPlatforms) = postSolution
		{C292AA7E-7DB7-4BD5-BF71-7FC18CF6A165}.Debug|Any CPU.ActiveCfg = Debug|Any CPU
		{C292AA7E-7DB7-4BD5-BF71-7FC18CF6A165}.Debug|Any CPU.Build.0 = Debug|Any CPU
		{C292AA7E-7DB7-4BD5-BF71-7FC18CF6A165}.Release|Any CPU.ActiveCfg = Release|Any CPU
		{C292AA7E-7DB7-4BD5-BF71-7FC18CF6A165}.Release|Any CPU.Build.0 = Release|Any CPU
	EndGlobalSection
	GlobalSection(SolutionProperties) = preSolution
		HideSolutionNode = FALSE
	EndGlobalSection
	GlobalSection(ExtensibilityGlobals) = postSolution
		SolutionGuid = {E6A422A7-CA33-450D-8870-6465BB51601E}
	EndGlobalSection
EndGlobal
